
Microsoft Visual Studio Solution File, Format Version 12.00
# Visual Studio Version 16
VisualStudioVersion = 16.0.31624.102
MinimumVisualStudioVersion = 10.0.40219.1
Project("{8BC9CEB8-8B4A-11D0-8D11-00A0C91BC942}") = "Thread-Hijacking", "Thread-Hijacking\Thread-Hijacking.vcxproj", "{672F6EC6-C78D-4528-AA80-2D6FEE324BCE}"
EndProject
Global
	GlobalSection(SolutionConfigurationPlatforms) = preSolution
		Debug|x64 = Debug|x64
		Debug|x86 = Debug|x86
		Release|x64 = Release|x64
		Release|x86 = Release|x86
	EndGlobalSection
	GlobalSection(ProjectConfigurationPlatforms) = postSolution
		{672F6EC6-C78D-4528-AA80-2D6FEE324BCE}.Debug|x64.ActiveCfg = Debug|x64
		{672F6EC6-C78D-4528-AA80-2D6FEE324BCE}.Debug|x64.Build.0 = Debug|x64
		{672F6EC6-C78D-4528-AA80-2D6FEE324BCE}.Debug|x86.ActiveCfg = Debug|Win32
		{672F6EC6-C78D-4528-AA80-2D6FEE324BCE}.Debug|x86.Build.0 = Debug|Win32
		{672F6EC6-C78D-4528-AA80-2D6FEE324BCE}.Release|x64.ActiveCfg = Release|x64
		{672F6EC6-C78D-4528-AA80-2D6FEE324BCE}.Release|x64.Build.0 = Release|x64
		{672F6EC6-C78D-4528-AA80-2D6FEE324BCE}.Release|x86.ActiveCfg = Release|Win32
		{672F6EC6-C78D-4528-AA80-2D6FEE324BCE}.Release|x86.Build.0 = Release|Win32
	EndGlobalSection
	GlobalSection(SolutionProperties) = preSolution
		HideSolutionNode = FALSE
	EndGlobalSection
	GlobalSection(ExtensibilityGlobals) = postSolution
		SolutionGuid = {EE54E8CA-961A-4AE6-A62A-F6A32577A3A6}
	EndGlobalSection
EndGlobal
